
Microsoft Visual Studio Solution File, Format Version 12.00
# Visual Studio 15
VisualStudioVersion = 15.0.28307.489
MinimumVisualStudioVersion = 10.0.40219.1
Project("{FAE04EC0-301F-11D3-BF4B-00C04F79EFBC}") = "SportConnectWeb", "SportConnectWeb\SportConnectWeb.csproj", "{82AEFDE9-6DD5-4936-ADDA-C2F54C46D595}"
EndProject
Global
	GlobalSection(SolutionConfigurationPlatforms) = preSolution
		Debug|Any CPU = Debug|Any CPU
		Release|Any CPU = Release|Any CPU
	EndGlobalSection
	GlobalSection(ProjectConfigurationPlatforms) = postSolution
		{82AEFDE9-6DD5-4936-ADDA-C2F54C46D595}.Debug|Any CPU.ActiveCfg = Debug|Any CPU
		{82AEFDE9-6DD5-4936-ADDA-C2F54C46D595}.Debug|Any CPU.Build.0 = Debug|Any CPU
		{82AEFDE9-6DD5-4936-ADDA-C2F54C46D595}.Release|Any CPU.ActiveCfg = Release|Any CPU
		{82AEFDE9-6DD5-4936-ADDA-C2F54C46D595}.Release|Any CPU.Build.0 = Release|Any CPU
	EndGlobalSection
	GlobalSection(SolutionProperties) = preSolution
		HideSolutionNode = FALSE
	EndGlobalSection
	GlobalSection(ExtensibilityGlobals) = postSolution
		SolutionGuid = {FBC20297-B647-4A65-97B1-54B8CD9AFAF5}
	EndGlobalSection
EndGlobal
